// !$*UTF8*$!
{
	archiveVersion = 1;
	classes = {
	};
	objectVersion = 56;
	objects = {

/* Begin PBXBuildFile section */
		E2525BC02A5BE8150070EB97 /* RPS_7App.swift in Sources */ = {isa = PBXBuildFile; fileRef = E2525BBF2A5BE8150070EB97 /* RPS_7App.swift */; };
		E2525BC22A5BE8150070EB97 /* ContentView.swift in Sources */ = {isa = PBXBuildFile; fileRef = E2525BC12A5BE8150070EB97 /* ContentView.swift */; };
		E2525BC42A5BE81A0070EB97 /* Assets.xcassets in Resources */ = {isa = PBXBuildFile; fileRef = E2525BC32A5BE81A0070EB97 /* Assets.xcassets */; };
		E2525BC72A5BE81A0070EB97 /* Preview Assets.xcassets in Resources */ = {isa = PBXBuildFile; fileRef = E2525BC62A5BE81A0070EB97 /* Preview Assets.xcassets */; };
		E2525BCE2A5D09BE0070EB97 /* RpsView.swift in Sources */ = {isa = PBXBuildFile; fileRef = E2525BCD2A5D09BE0070EB97 /* RpsView.swift */; };
		E2525BD02A5D0B9D0070EB97 /* ResultView.swift in Sources */ = {isa = PBXBuildFile; fileRef = E2525BCF2A5D0B9D0070EB97 /* ResultView.swift */; };
		E2525BD42A5D1A200070EB97 /* RpsData.swift in Sources */ = {isa = PBXBuildFile; fileRef = E2525BD32A5D1A200070EB97 /* RpsData.swift */; };
		E2525BD62A5D1A4A0070EB97 /* RpsModel.swift in Sources */ = {isa = PBXBuildFile; fileRef = E2525BD52A5D1A4A0070EB97 /* RpsModel.swift */; };
		E2525BD82A5D25850070EB97 /* RpsButtonView.swift in Sources */ = {isa = PBXBuildFile; fileRef = E2525BD72A5D25850070EB97 /* RpsButtonView.swift */; };
		E2A6A0F92A5EECD500B81A38 /* ComputerModel.swift in Sources */ = {isa = PBXBuildFile; fileRef = E2A6A0F82A5EECD500B81A38 /* ComputerModel.swift */; };
		E2A6A0FD2A5EEDE700B81A38 /* HTTPClient.swift in Sources */ = {isa = PBXBuildFile; fileRef = E2A6A0FC2A5EEDE700B81A38 /* HTTPClient.swift */; };
		E2A6A0FF2A5EF53800B81A38 /* ComputerData.swift in Sources */ = {isa = PBXBuildFile; fileRef = E2A6A0FE2A5EF53800B81A38 /* ComputerData.swift */; };
/* End PBXBuildFile section */

/* Begin PBXFileReference section */
		E2525BBC2A5BE8150070EB97 /* RPS-7.app */ = {isa = PBXFileReference; explicitFileType = wrapper.application; includeInIndex = 0; path = "RPS-7.app"; sourceTree = BUILT_PRODUCTS_DIR; };
		E2525BBF2A5BE8150070EB97 /* RPS_7App.swift */ = {isa = PBXFileReference; lastKnownFileType = sourcecode.swift; path = RPS_7App.swift; sourceTree = "<group>"; };
		E2525BC12A5BE8150070EB97 /* ContentView.swift */ = {isa = PBXFileReference; lastKnownFileType = sourcecode.swift; path = ContentView.swift; sourceTree = "<group>"; };
		E2525BC32A5BE81A0070EB97 /* Assets.xcassets */ = {isa = PBXFileReference; lastKnownFileType = folder.assetcatalog; path = Assets.xcassets; sourceTree = "<group>"; };
		E2525BC62A5BE81A0070EB97 /* Preview Assets.xcassets */ = {isa = PBXFileReference; lastKnownFileType = folder.assetcatalog; path = "Preview Assets.xcassets"; sourceTree = "<group>"; };
		E2525BCD2A5D09BE0070EB97 /* RpsView.swift */ = {isa = PBXFileReference; lastKnownFileType = sourcecode.swift; path = RpsView.swift; sourceTree = "<group>"; };
		E2525BCF2A5D0B9D0070EB97 /* ResultView.swift */ = {isa = PBXFileReference; lastKnownFileType = sourcecode.swift; path = ResultView.swift; sourceTree = "<group>"; };
		E2525BD32A5D1A200070EB97 /* RpsData.swift */ = {isa = PBXFileReference; lastKnownFileType = sourcecode.swift; path = RpsData.swift; sourceTree = "<group>"; };
		E2525BD52A5D1A4A0070EB97 /* RpsModel.swift */ = {isa = PBXFileReference; lastKnownFileType = sourcecode.swift; path = RpsModel.swift; sourceTree = "<group>"; };
		E2525BD72A5D25850070EB97 /* RpsButtonView.swift */ = {isa = PBXFileReference; lastKnownFileType = sourcecode.swift; path = RpsButtonView.swift; sourceTree = "<group>"; };
		E2A6A0F82A5EECD500B81A38 /* ComputerModel.swift */ = {isa = PBXFileReference; lastKnownFileType = sourcecode.swift; path = ComputerModel.swift; sourceTree = "<group>"; };
		E2A6A0FC2A5EEDE700B81A38 /* HTTPClient.swift */ = {isa = PBXFileReference; lastKnownFileType = sourcecode.swift; path = HTTPClient.swift; sourceTree = "<group>"; };
		E2A6A0FE2A5EF53800B81A38 /* ComputerData.swift */ = {isa = PBXFileReference; lastKnownFileType = sourcecode.swift; path = ComputerData.swift; sourceTree = "<group>"; };
/* End PBXFileReference section */

/* Begin PBXFrameworksBuildPhase section */
		E2525BB92A5BE8150070EB97 /* Frameworks */ = {
			isa = PBXFrameworksBuildPhase;
			buildActionMask = 2147483647;
			files = (
			);
			runOnlyForDeploymentPostprocessing = 0;
		};
/* End PBXFrameworksBuildPhase section */

/* Begin PBXGroup section */
		E2525BB32A5BE8150070EB97 = {
			isa = PBXGroup;
			children = (
				E2525BBE2A5BE8150070EB97 /* RPS-7 */,
				E2525BBD2A5BE8150070EB97 /* Products */,
			);
			sourceTree = "<group>";
		};
		E2525BBD2A5BE8150070EB97 /* Products */ = {
			isa = PBXGroup;
			children = (
				E2525BBC2A5BE8150070EB97 /* RPS-7.app */,
			);
			name = Products;
			sourceTree = "<group>";
		};
		E2525BBE2A5BE8150070EB97 /* RPS-7 */ = {
			isa = PBXGroup;
			children = (
				E2525BBF2A5BE8150070EB97 /* RPS_7App.swift */,
				E2525BC12A5BE8150070EB97 /* ContentView.swift */,
				E2525BC32A5BE81A0070EB97 /* Assets.xcassets */,
				E2525BC52A5BE81A0070EB97 /* Preview Content */,
				E2525BCD2A5D09BE0070EB97 /* RpsView.swift */,
				E2525BCF2A5D0B9D0070EB97 /* ResultView.swift */,
				E2525BD32A5D1A200070EB97 /* RpsData.swift */,
				E2525BD52A5D1A4A0070EB97 /* RpsModel.swift */,
				E2525BD72A5D25850070EB97 /* RpsButtonView.swift */,
				E2A6A0F82A5EECD500B81A38 /* ComputerModel.swift */,
				E2A6A0FC2A5EEDE700B81A38 /* HTTPClient.swift */,
				E2A6A0FE2A5EF53800B81A38 /* ComputerData.swift */,
			);
			path = "RPS-7";
			sourceTree = "<group>";
		};
		E2525BC52A5BE81A0070EB97 /* Preview Content */ = {
			isa = PBXGroup;
			children = (
				E2525BC62A5BE81A0070EB97 /* Preview Assets.xcassets */,
			);
			path = "Preview Content";
			sourceTree = "<group>";
		};
/* End PBXGroup section */

/* Begin PBXNativeTarget section */
		E2525BBB2A5BE8150070EB97 /* RPS-7 */ = {
			isa = PBXNativeTarget;
			buildConfigurationList = E2525BCA2A5BE81A0070EB97 /* Build configuration list for PBXNativeTarget "RPS-7" */;
			buildPhases = (
				E2525BB82A5BE8150070EB97 /* Sources */,
				E2525BB92A5BE8150070EB97 /* Frameworks */,
				E2525BBA2A5BE8150070EB97 /* Resources */,
			);
			buildRules = (
			);
			dependencies = (
			);
			name = "RPS-7";
			productName = "RPS-7";
			productReference = E2525BBC2A5BE8150070EB97 /* RPS-7.app */;
			productType = "com.apple.product-type.application";
		};
/* End PBXNativeTarget section */

/* Begin PBXProject section */
		E2525BB42A5BE8150070EB97 /* Project object */ = {
			isa = PBXProject;
			attributes = {
				BuildIndependentTargetsInParallel = 1;
				LastSwiftUpdateCheck = 1430;
				LastUpgradeCheck = 1430;
				TargetAttributes = {
					E2525BBB2A5BE8150070EB97 = {
						CreatedOnToolsVersion = 14.3.1;
					};
				};
			};
			buildConfigurationList = E2525BB72A5BE8150070EB97 /* Build configuration list for PBXProject "RPS-7" */;
			compatibilityVersion = "Xcode 14.0";
			developmentRegion = en;
			hasScannedForEncodings = 0;
			knownRegions = (
				en,
				Base,
			);
			mainGroup = E2525BB32A5BE8150070EB97;
			productRefGroup = E2525BBD2A5BE8150070EB97 /* Products */;
			projectDirPath = "";
			projectRoot = "";
			targets = (
				E2525BBB2A5BE8150070EB97 /* RPS-7 */,
			);
		};
/* End PBXProject section */

/* Begin PBXResourcesBuildPhase section */
		E2525BBA2A5BE8150070EB97 /* Resources */ = {
			isa = PBXResourcesBuildPhase;
			buildActionMask = 2147483647;
			files = (
				E2525BC72A5BE81A0070EB97 /* Preview Assets.xcassets in Resources */,
				E2525BC42A5BE81A0070EB97 /* Assets.xcassets in Resources */,
			);
			runOnlyForDeploymentPostprocessing = 0;
		};
/* End PBXResourcesBuildPhase section */

/* Begin PBXSourcesBuildPhase section */
		E2525BB82A5BE8150070EB97 /* Sources */ = {
			isa = PBXSourcesBuildPhase;
			buildActionMask = 2147483647;
			files = (
				E2525BC22A5BE8150070EB97 /* ContentView.swift in Sources */,
				E2525BD82A5D25850070EB97 /* RpsButtonView.swift in Sources */,
				E2525BD62A5D1A4A0070EB97 /* RpsModel.swift in Sources */,
				E2525BD02A5D0B9D0070EB97 /* ResultView.swift in Sources */,
				E2525BD42A5D1A200070EB97 /* RpsData.swift in Sources */,
				E2A6A0FD2A5EEDE700B81A38 /* HTTPClient.swift in Sources */,
				E2A6A0FF2A5EF53800B81A38 /* ComputerData.swift in Sources */,
				E2525BCE2A5D09BE0070EB97 /* RpsView.swift in Sources */,
				E2A6A0F92A5EECD500B81A38 /* ComputerModel.swift in Sources */,
				E2525BC02A5BE8150070EB97 /* RPS_7App.swift in Sources */,
			);
			runOnlyForDeploymentPostprocessing = 0;
		};
/* End PBXSourcesBuildPhase section */

/* Begin XCBuildConfiguration section */
		E2525BC82A5BE81A0070EB97 /* Debug */ = {
			isa = XCBuildConfiguration;
			buildSettings = {
				ALWAYS_SEARCH_USER_PATHS = NO;
				CLANG_ANALYZER_NONNULL = YES;
				CLANG_ANALYZER_NUMBER_OBJECT_CONVERSION = YES_AGGRESSIVE;
				CLANG_CXX_LANGUAGE_STANDARD = "gnu++20";
				CLANG_ENABLE_MODULES = YES;
				CLANG_ENABLE_OBJC_ARC = YES;
				CLANG_ENABLE_OBJC_WEAK = YES;
				CLANG_WARN_BLOCK_CAPTURE_AUTORELEASING = YES;
				CLANG_WARN_BOOL_CONVERSION = YES;
				CLANG_WARN_COMMA = YES;
				CLANG_WARN_CONSTANT_CONVERSION = YES;
				CLANG_WARN_DEPRECATED_OBJC_IMPLEMENTATIONS = YES;
				CLANG_WARN_DIRECT_OBJC_ISA_USAGE = YES_ERROR;
				CLANG_WARN_DOCUMENTATION_COMMENTS = YES;
				CLANG_WARN_EMPTY_BODY = YES;
				CLANG_WARN_ENUM_CONVERSION = YES;
				CLANG_WARN_INFINITE_RECURSION = YES;
				CLANG_WARN_INT_CONVERSION = YES;
				CLANG_WARN_NON_LITERAL_NULL_CONVERSION = YES;
				CLANG_WARN_OBJC_IMPLICIT_RETAIN_SELF = YES;
				CLANG_WARN_OBJC_LITERAL_CONVERSION = YES;
				CLANG_WARN_OBJC_ROOT_CLASS = YES_ERROR;
				CLANG_WARN_QUOTED_INCLUDE_IN_FRAMEWORK_HEADER = YES;
				CLANG_WARN_RANGE_LOOP_ANALYSIS = YES;
				CLANG_WARN_STRICT_PROTOTYPES = YES;
				CLANG_WARN_SUSPICIOUS_MOVE = YES;
				CLANG_WARN_UNGUARDED_AVAILABILITY = YES_AGGRESSIVE;
				CLANG_WARN_UNREACHABLE_CODE = YES;
				CLANG_WARN__DUPLICATE_METHOD_MATCH = YES;
				COPY_PHASE_STRIP = NO;
				DEBUG_INFORMATION_FORMAT = dwarf;
				ENABLE_STRICT_OBJC_MSGSEND = YES;
				ENABLE_TESTABILITY = YES;
				GCC_C_LANGUAGE_STANDARD = gnu11;
				GCC_DYNAMIC_NO_PIC = NO;
				GCC_NO_COMMON_BLOCKS = YES;
				GCC_OPTIMIZATION_LEVEL = 0;
				GCC_PREPROCESSOR_DEFINITIONS = (
					"DEBUG=1",
					"$(inherited)",
				);
				GCC_WARN_64_TO_32_BIT_CONVERSION = YES;
				GCC_WARN_ABOUT_RETURN_TYPE = YES_ERROR;
				GCC_WARN_UNDECLARED_SELECTOR = YES;
				GCC_WARN_UNINITIALIZED_AUTOS = YES_AGGRESSIVE;
				GCC_WARN_UNUSED_FUNCTION = YES;
				GCC_WARN_UNUSED_VARIABLE = YES;
				IPHONEOS_DEPLOYMENT_TARGET = 16.4;
				MTL_ENABLE_DEBUG_INFO = INCLUDE_SOURCE;
				MTL_FAST_MATH = YES;
				ONLY_ACTIVE_ARCH = YES;
				SDKROOT = iphoneos;
				SWIFT_ACTIVE_COMPILATION_CONDITIONS = DEBUG;
				SWIFT_OPTIMIZATION_LEVEL = "-Onone";
			};
			name = Debug;
		};
		E2525BC92A5BE81A0070EB97 /* Release */ = {
			isa = XCBuildConfiguration;
			buildSettings = {
				ALWAYS_SEARCH_USER_PATHS = NO;
				CLANG_ANALYZER_NONNULL = YES;
				CLANG_ANALYZER_NUMBER_OBJECT_CONVERSION = YES_AGGRESSIVE;
				CLANG_CXX_LANGUAGE_STANDARD = "gnu++20";
				CLANG_ENABLE_MODULES = YES;
				CLANG_ENABLE_OBJC_ARC = YES;
				CLANG_ENABLE_OBJC_WEAK = YES;
				CLANG_WARN_BLOCK_CAPTURE_AUTORELEASING = YES;
				CLANG_WARN_BOOL_CONVERSION = YES;
				CLANG_WARN_COMMA = YES;
				CLANG_WARN_CONSTANT_CONVERSION = YES;
				CLANG_WARN_DEPRECATED_OBJC_IMPLEMENTATIONS = YES;
				CLANG_WARN_DIRECT_OBJC_ISA_USAGE = YES_ERROR;
				CLANG_WARN_DOCUMENTATION_COMMENTS = YES;
				CLANG_WARN_EMPTY_BODY = YES;
				CLANG_WARN_ENUM_CONVERSION = YES;
				CLANG_WARN_INFINITE_RECURSION = YES;
				CLANG_WARN_INT_CONVERSION = YES;
				CLANG_WARN_NON_LITERAL_NULL_CONVERSION = YES;
				CLANG_WARN_OBJC_IMPLICIT_RETAIN_SELF = YES;
				CLANG_WARN_OBJC_LITERAL_CONVERSION = YES;
				CLANG_WARN_OBJC_ROOT_CLASS = YES_ERROR;
				CLANG_WARN_QUOTED_INCLUDE_IN_FRAMEWORK_HEADER = YES;
				CLANG_WARN_RANGE_LOOP_ANALYSIS = YES;
				CLANG_WARN_STRICT_PROTOTYPES = YES;
				CLANG_WARN_SUSPICIOUS_MOVE = YES;
				CLANG_WARN_UNGUARDED_AVAILABILITY = YES_AGGRESSIVE;
				CLANG_WARN_UNREACHABLE_CODE = YES;
				CLANG_WARN__DUPLICATE_METHOD_MATCH = YES;
				COPY_PHASE_STRIP = NO;
				DEBUG_INFORMATION_FORMAT = "dwarf-with-dsym";
				ENABLE_NS_ASSERTIONS = NO;
				ENABLE_STRICT_OBJC_MSGSEND = YES;
				GCC_C_LANGUAGE_STANDARD = gnu11;
				GCC_NO_COMMON_BLOCKS = YES;
				GCC_WARN_64_TO_32_BIT_CONVERSION = YES;
				GCC_WARN_ABOUT_RETURN_TYPE = YES_ERROR;
				GCC_WARN_UNDECLARED_SELECTOR = YES;
				GCC_WARN_UNINITIALIZED_AUTOS = YES_AGGRESSIVE;
				GCC_WARN_UNUSED_FUNCTION = YES;
				GCC_WARN_UNUSED_VARIABLE = YES;
				IPHONEOS_DEPLOYMENT_TARGET = 16.4;
				MTL_ENABLE_DEBUG_INFO = NO;
				MTL_FAST_MATH = YES;
				SDKROOT = iphoneos;
				SWIFT_COMPILATION_MODE = wholemodule;
				SWIFT_OPTIMIZATION_LEVEL = "-O";
				VALIDATE_PRODUCT = YES;
			};
			name = Release;
		};
		E2525BCB2A5BE81A0070EB97 /* Debug */ = {
			isa = XCBuildConfiguration;
			buildSettings = {
				ASSETCATALOG_COMPILER_APPICON_NAME = AppIcon;
				ASSETCATALOG_COMPILER_GLOBAL_ACCENT_COLOR_NAME = AccentColor;
				CODE_SIGN_STYLE = Automatic;
				CURRENT_PROJECT_VERSION = 1;
				DEVELOPMENT_ASSET_PATHS = "\"RPS-7/Preview Content\"";
				DEVELOPMENT_TEAM = 2WY4RH7F35;
				ENABLE_PREVIEWS = YES;
				GENERATE_INFOPLIST_FILE = YES;
				INFOPLIST_KEY_UIApplicationSceneManifest_Generation = YES;
				INFOPLIST_KEY_UIApplicationSupportsIndirectInputEvents = YES;
				INFOPLIST_KEY_UILaunchScreen_Generation = YES;
				INFOPLIST_KEY_UISupportedInterfaceOrientations_iPad = "UIInterfaceOrientationPortrait UIInterfaceOrientationPortraitUpsideDown UIInterfaceOrientationLandscapeLeft UIInterfaceOrientationLandscapeRight";
				INFOPLIST_KEY_UISupportedInterfaceOrientations_iPhone = "UIInterfaceOrientationPortrait UIInterfaceOrientationLandscapeLeft UIInterfaceOrientationLandscapeRight";
				IPHONEOS_DEPLOYMENT_TARGET = 15.0;
				LD_RUNPATH_SEARCH_PATHS = (
					"$(inherited)",
					"@executable_path/Frameworks",
				);
				MARKETING_VERSION = 1.0;
				PRODUCT_BUNDLE_IDENTIFIER = "com.masami.RPS-7";
				PRODUCT_NAME = "$(TARGET_NAME)";
				SWIFT_EMIT_LOC_STRINGS = YES;
				SWIFT_VERSION = 5.0;
				TARGETED_DEVICE_FAMILY = "1,2";
			};
			name = Debug;
		};
		E2525BCC2A5BE81A0070EB97 /* Release */ = {
			isa = XCBuildConfiguration;
			buildSettings = {
				ASSETCATALOG_COMPILER_APPICON_NAME = AppIcon;
				ASSETCATALOG_COMPILER_GLOBAL_ACCENT_COLOR_NAME = AccentColor;
				CODE_SIGN_STYLE = Automatic;
				CURRENT_PROJECT_VERSION = 1;
				DEVELOPMENT_ASSET_PATHS = "\"RPS-7/Preview Content\"";
				DEVELOPMENT_TEAM = 2WY4RH7F35;
				ENABLE_PREVIEWS = YES;
				GENERATE_INFOPLIST_FILE = YES;
				INFOPLIST_KEY_UIApplicationSceneManifest_Generation = YES;
				INFOPLIST_KEY_UIApplicationSupportsIndirectInputEvents = YES;
				INFOPLIST_KEY_UILaunchScreen_Generation = YES;
				INFOPLIST_KEY_UISupportedInterfaceOrientations_iPad = "UIInterfaceOrientationPortrait UIInterfaceOrientationPortraitUpsideDown UIInterfaceOrientationLandscapeLeft UIInterfaceOrientationLandscapeRight";
				INFOPLIST_KEY_UISupportedInterfaceOrientations_iPhone = "UIInterfaceOrientationPortrait UIInterfaceOrientationLandscapeLeft UIInterfaceOrientationLandscapeRight";
				IPHONEOS_DEPLOYMENT_TARGET = 15.0;
				LD_RUNPATH_SEARCH_PATHS = (
					"$(inherited)",
					"@executable_path/Frameworks",
				);
				MARKETING_VERSION = 1.0;
				PRODUCT_BUNDLE_IDENTIFIER = "com.masami.RPS-7";
				PRODUCT_NAME = "$(TARGET_NAME)";
				SWIFT_EMIT_LOC_STRINGS = YES;
				SWIFT_VERSION = 5.0;
				TARGETED_DEVICE_FAMILY = "1,2";
			};
			name = Release;
		};
/* End XCBuildConfiguration section */

/* Begin XCConfigurationList section */
		E2525BB72A5BE8150070EB97 /* Build configuration list for PBXProject "RPS-7" */ = {
			isa = XCConfigurationList;
			buildConfigurations = (
				E2525BC82A5BE81A0070EB97 /* Debug */,
				E2525BC92A5BE81A0070EB97 /* Release */,
			);
			defaultConfigurationIsVisible = 0;
			defaultConfigurationName = Release;
		};
		E2525BCA2A5BE81A0070EB97 /* Build configuration list for PBXNativeTarget "RPS-7" */ = {
			isa = XCConfigurationList;
			buildConfigurations = (
				E2525BCB2A5BE81A0070EB97 /* Debug */,
				E2525BCC2A5BE81A0070EB97 /* Release */,
			);
			defaultConfigurationIsVisible = 0;
			defaultConfigurationName = Release;
		};
/* End XCConfigurationList section */
	};
	rootObject = E2525BB42A5BE8150070EB97 /* Project object */;
}
